# THIS IS AN AUTOGENERATED FILE. DO NOT EDIT THIS FILE DIRECTLY.
# yarn lockfile v1


"@mdi/js@^5.6.55":
  version "5.8.55"
  resolved "https://registry.yarnpkg.com/@mdi/js/-/js-5.8.55.tgz#630bc5fafd8b1d2f6e63489a9ab170177559e41b"
  integrity sha512-2bvln56SW6V/nSDC/0/NTu1bMF/CgSyZox8mcWbAPWElBN3UYIrukKDUckEER8ifr8X2YJl1RLKQqi7T7qLzmg==

vue@^2.6.11:
  version "2.6.12"
  resolved "https://registry.yarnpkg.com/vue/-/vue-2.6.12.tgz#f5ebd4fa6bd2869403e29a896aed4904456c9123"
  integrity sha512-uhmLFETqPPNyuLLbsKz6ioJ4q7AZHzD8ZVFNATNyICSZouqP2Sz0rotWQC8UNBF6VGSCs5abnKJoStA6JbCbfg==
